
Microsoft Visual Studio Solution File, Format Version 12.00
# Visual Studio Version 17
VisualStudioVersion = 17.13.35825.156 d17.13
MinimumVisualStudioVersion = 10.0.40219.1
Project("{8BC9CEB8-8B4A-11D0-8D11-00A0C91BC942}") = "Bank System", "Bank System.vcxproj", "{BA64B1A0-C2CC-4A1E-A5C0-2CB9F392B06E}"
EndProject
Global
	GlobalSection(SolutionConfigurationPlatforms) = preSolution
		Debug|x64 = Debug|x64
		Debug|x86 = Debug|x86
		Release|x64 = Release|x64
		Release|x86 = Release|x86
	EndGlobalSection
	GlobalSection(ProjectConfigurationPlatforms) = postSolution
		{BA64B1A0-C2CC-4A1E-A5C0-2CB9F392B06E}.Debug|x64.ActiveCfg = Debug|x64
		{BA64B1A0-C2CC-4A1E-A5C0-2CB9F392B06E}.Debug|x64.Build.0 = Debug|x64
		{BA64B1A0-C2CC-4A1E-A5C0-2CB9F392B06E}.Debug|x86.ActiveCfg = Debug|Win32
		{BA64B1A0-C2CC-4A1E-A5C0-2CB9F392B06E}.Debug|x86.Build.0 = Debug|Win32
		{BA64B1A0-C2CC-4A1E-A5C0-2CB9F392B06E}.Release|x64.ActiveCfg = Release|x64
		{BA64B1A0-C2CC-4A1E-A5C0-2CB9F392B06E}.Release|x64.Build.0 = Release|x64
		{BA64B1A0-C2CC-4A1E-A5C0-2CB9F392B06E}.Release|x86.ActiveCfg = Release|Win32
		{BA64B1A0-C2CC-4A1E-A5C0-2CB9F392B06E}.Release|x86.Build.0 = Release|Win32
	EndGlobalSection
	GlobalSection(SolutionProperties) = preSolution
		HideSolutionNode = FALSE
	EndGlobalSection
	GlobalSection(ExtensibilityGlobals) = postSolution
		SolutionGuid = {743D3452-3E29-484C-B5C9-340CB01B2190}
	EndGlobalSection
EndGlobal
